
Microsoft Visual Studio Solution File, Format Version 12.00
# Visual Studio Version 16
VisualStudioVersion = 16.0.30002.166
MinimumVisualStudioVersion = 10.0.40219.1
Project("{2150E333-8FDC-42A3-9474-1A3956D46DE8}") = "Microservices", "Microservices", "{A23FD6EE-7AD1-45D9-B136-06C858EB32E8}"
EndProject
Project("{2150E333-8FDC-42A3-9474-1A3956D46DE8}") = "Domain", "Domain", "{086540AE-E5F4-4C5B-99A0-74EDB8C15CFA}"
EndProject
Project("{2150E333-8FDC-42A3-9474-1A3956D46DE8}") = "Infra.Bus", "Infra.Bus", "{F12720B5-5491-483C-A25A-6DB263A3343D}"
EndProject
Project("{2150E333-8FDC-42A3-9474-1A3956D46DE8}") = "Infra.IoC", "Infra.IoC", "{F1154FB0-125C-42B8-B86B-DCA9311F1C6D}"
EndProject
Project("{2150E333-8FDC-42A3-9474-1A3956D46DE8}") = "Presentation", "Presentation", "{A19C5FE4-AECA-44CC-A595-7544C2FD5288}"
EndProject
Project("{FAE04EC0-301F-11D3-BF4B-00C04F79EFBC}") = "MicroRabbit.Domain.Core", "MicroRabbit.Domain.Core\MicroRabbit.Domain.Core.csproj", "{748FD6BA-198E-4C32-B8B4-783EDD234CF8}"
EndProject
Project("{FAE04EC0-301F-11D3-BF4B-00C04F79EFBC}") = "MicroRabbit.Infra.Bus", "MicroRabbit.Infra.Bus\MicroRabbit.Infra.Bus.csproj", "{BF5EE5BA-344F-4BB5-A929-CEE5DD5BFE90}"
EndProject
Project("{FAE04EC0-301F-11D3-BF4B-00C04F79EFBC}") = "MicroRabbit.Infra.IoC", "MicroRabbit.Infra.IoC\MicroRabbit.Infra.IoC.csproj", "{DEAF2894-DDBB-4609-B791-C2B065056FE2}"
EndProject
Project("{2150E333-8FDC-42A3-9474-1A3956D46DE8}") = "Banking", "Banking", "{3EB29A9D-8E45-4664-A597-AE5720648D46}"
EndProject
Project("{2150E333-8FDC-42A3-9474-1A3956D46DE8}") = "Api", "Api", "{403A4185-498A-43CB-9C0D-985F6B1FF97E}"
EndProject
Project("{2150E333-8FDC-42A3-9474-1A3956D46DE8}") = "Domain", "Domain", "{C6D7D2A5-03E9-49E8-8A2B-2F4164E3CCC7}"
EndProject
Project("{2150E333-8FDC-42A3-9474-1A3956D46DE8}") = "Application", "Application", "{200EA1AC-ED00-4F57-87B3-0E765ADBF8A9}"
EndProject
Project("{2150E333-8FDC-42A3-9474-1A3956D46DE8}") = "Data", "Data", "{7B7C0379-F9B9-474E-AB02-D3A291F5DB05}"
EndProject
Project("{FAE04EC0-301F-11D3-BF4B-00C04F79EFBC}") = "MicroRabbit.Banking.Api", "MicroRabbit.Banking.Api\MicroRabbit.Banking.Api.csproj", "{F3FDD762-668B-485B-B465-63C34032C35E}"
EndProject
Project("{FAE04EC0-301F-11D3-BF4B-00C04F79EFBC}") = "MicroRabbit.Banking.Application", "MicroRabbit.Banking.Application\MicroRabbit.Banking.Application.csproj", "{F1B0EDB9-942C-4F40-8916-2C43C14CE6AB}"
EndProject
Project("{FAE04EC0-301F-11D3-BF4B-00C04F79EFBC}") = "MicroRabbit.Banking.Data", "MicroRabbit.Banking.Data\MicroRabbit.Banking.Data.csproj", "{932ECBED-8F14-449C-A519-90BFBC62BAA6}"
EndProject
Project("{FAE04EC0-301F-11D3-BF4B-00C04F79EFBC}") = "MicroRabbit.Banking.Domain", "MicroRabbit.Banking.Domain\MicroRabbit.Banking.Domain.csproj", "{7F629BA6-4222-4644-B9F0-32F175DD39E6}"
EndProject
Global
	GlobalSection(SolutionConfigurationPlatforms) = preSolution
		Debug|Any CPU = Debug|Any CPU
		Release|Any CPU = Release|Any CPU
	EndGlobalSection
	GlobalSection(ProjectConfigurationPlatforms) = postSolution
		{748FD6BA-198E-4C32-B8B4-783EDD234CF8}.Debug|Any CPU.ActiveCfg = Debug|Any CPU
		{748FD6BA-198E-4C32-B8B4-783EDD234CF8}.Debug|Any CPU.Build.0 = Debug|Any CPU
		{748FD6BA-198E-4C32-B8B4-783EDD234CF8}.Release|Any CPU.ActiveCfg = Release|Any CPU
		{748FD6BA-198E-4C32-B8B4-783EDD234CF8}.Release|Any CPU.Build.0 = Release|Any CPU
		{BF5EE5BA-344F-4BB5-A929-CEE5DD5BFE90}.Debug|Any CPU.ActiveCfg = Debug|Any CPU
		{BF5EE5BA-344F-4BB5-A929-CEE5DD5BFE90}.Debug|Any CPU.Build.0 = Debug|Any CPU
		{BF5EE5BA-344F-4BB5-A929-CEE5DD5BFE90}.Release|Any CPU.ActiveCfg = Release|Any CPU
		{BF5EE5BA-344F-4BB5-A929-CEE5DD5BFE90}.Release|Any CPU.Build.0 = Release|Any CPU
		{DEAF2894-DDBB-4609-B791-C2B065056FE2}.Debug|Any CPU.ActiveCfg = Debug|Any CPU
		{DEAF2894-DDBB-4609-B791-C2B065056FE2}.Debug|Any CPU.Build.0 = Debug|Any CPU
		{DEAF2894-DDBB-4609-B791-C2B065056FE2}.Release|Any CPU.ActiveCfg = Release|Any CPU
		{DEAF2894-DDBB-4609-B791-C2B065056FE2}.Release|Any CPU.Build.0 = Release|Any CPU
		{F3FDD762-668B-485B-B465-63C34032C35E}.Debug|Any CPU.ActiveCfg = Debug|Any CPU
		{F3FDD762-668B-485B-B465-63C34032C35E}.Debug|Any CPU.Build.0 = Debug|Any CPU
		{F3FDD762-668B-485B-B465-63C34032C35E}.Release|Any CPU.ActiveCfg = Release|Any CPU
		{F3FDD762-668B-485B-B465-63C34032C35E}.Release|Any CPU.Build.0 = Release|Any CPU
		{F1B0EDB9-942C-4F40-8916-2C43C14CE6AB}.Debug|Any CPU.ActiveCfg = Debug|Any CPU
		{F1B0EDB9-942C-4F40-8916-2C43C14CE6AB}.Debug|Any CPU.Build.0 = Debug|Any CPU
		{F1B0EDB9-942C-4F40-8916-2C43C14CE6AB}.Release|Any CPU.ActiveCfg = Release|Any CPU
		{F1B0EDB9-942C-4F40-8916-2C43C14CE6AB}.Release|Any CPU.Build.0 = Release|Any CPU
		{932ECBED-8F14-449C-A519-90BFBC62BAA6}.Debug|Any CPU.ActiveCfg = Debug|Any CPU
		{932ECBED-8F14-449C-A519-90BFBC62BAA6}.Debug|Any CPU.Build.0 = Debug|Any CPU
		{932ECBED-8F14-449C-A519-90BFBC62BAA6}.Release|Any CPU.ActiveCfg = Release|Any CPU
		{932ECBED-8F14-449C-A519-90BFBC62BAA6}.Release|Any CPU.Build.0 = Release|Any CPU
		{7F629BA6-4222-4644-B9F0-32F175DD39E6}.Debug|Any CPU.ActiveCfg = Debug|Any CPU
		{7F629BA6-4222-4644-B9F0-32F175DD39E6}.Debug|Any CPU.Build.0 = Debug|Any CPU
		{7F629BA6-4222-4644-B9F0-32F175DD39E6}.Release|Any CPU.ActiveCfg = Release|Any CPU
		{7F629BA6-4222-4644-B9F0-32F175DD39E6}.Release|Any CPU.Build.0 = Release|Any CPU
	EndGlobalSection
	GlobalSection(SolutionProperties) = preSolution
		HideSolutionNode = FALSE
	EndGlobalSection
	GlobalSection(NestedProjects) = preSolution
		{748FD6BA-198E-4C32-B8B4-783EDD234CF8} = {086540AE-E5F4-4C5B-99A0-74EDB8C15CFA}
		{BF5EE5BA-344F-4BB5-A929-CEE5DD5BFE90} = {F12720B5-5491-483C-A25A-6DB263A3343D}
		{DEAF2894-DDBB-4609-B791-C2B065056FE2} = {F1154FB0-125C-42B8-B86B-DCA9311F1C6D}
		{3EB29A9D-8E45-4664-A597-AE5720648D46} = {A23FD6EE-7AD1-45D9-B136-06C858EB32E8}
		{403A4185-498A-43CB-9C0D-985F6B1FF97E} = {3EB29A9D-8E45-4664-A597-AE5720648D46}
		{C6D7D2A5-03E9-49E8-8A2B-2F4164E3CCC7} = {3EB29A9D-8E45-4664-A597-AE5720648D46}
		{200EA1AC-ED00-4F57-87B3-0E765ADBF8A9} = {3EB29A9D-8E45-4664-A597-AE5720648D46}
		{7B7C0379-F9B9-474E-AB02-D3A291F5DB05} = {3EB29A9D-8E45-4664-A597-AE5720648D46}
		{F3FDD762-668B-485B-B465-63C34032C35E} = {403A4185-498A-43CB-9C0D-985F6B1FF97E}
		{F1B0EDB9-942C-4F40-8916-2C43C14CE6AB} = {200EA1AC-ED00-4F57-87B3-0E765ADBF8A9}
		{932ECBED-8F14-449C-A519-90BFBC62BAA6} = {7B7C0379-F9B9-474E-AB02-D3A291F5DB05}
		{7F629BA6-4222-4644-B9F0-32F175DD39E6} = {C6D7D2A5-03E9-49E8-8A2B-2F4164E3CCC7}
	EndGlobalSection
	GlobalSection(ExtensibilityGlobals) = postSolution
		SolutionGuid = {47197C56-FB57-4580-9CA6-2A87A181637E}
	EndGlobalSection
EndGlobal
